
Microsoft Visual Studio Solution File, Format Version 12.00
# Visual Studio Express 2013 for Windows Desktop
VisualStudioVersion = 12.0.31101.0
MinimumVisualStudioVersion = 10.0.40219.1
Project("{FAE04EC0-301F-11D3-BF4B-00C04F79EFBC}") = "NetH", "NetH\NetH.csproj", "{1EE5F98E-6B6A-4423-B70F-CBE76C506DBA}"
EndProject
Global
	GlobalSection(SolutionConfigurationPlatforms) = preSolution
		Debug|Any CPU = Debug|Any CPU
		Release|Any CPU = Release|Any CPU
	EndGlobalSection
	GlobalSection(ProjectConfigurationPlatforms) = postSolution
		{1EE5F98E-6B6A-4423-B70F-CBE76C506DBA}.Debug|Any CPU.ActiveCfg = Debug|Any CPU
		{1EE5F98E-6B6A-4423-B70F-CBE76C506DBA}.Debug|Any CPU.Build.0 = Debug|Any CPU
		{1EE5F98E-6B6A-4423-B70F-CBE76C506DBA}.Release|Any CPU.ActiveCfg = Release|Any CPU
		{1EE5F98E-6B6A-4423-B70F-CBE76C506DBA}.Release|Any CPU.Build.0 = Release|Any CPU
	EndGlobalSection
	GlobalSection(SolutionProperties) = preSolution
		HideSolutionNode = FALSE
	EndGlobalSection
EndGlobal
